github.com/Zyko0/go-sdl3 v0.0.0-20260125144524-02de3d449cb1 h1:a7BoGQPgciWaIwBlh/IMkuqDDU0otZkzbnl4sPZZKm0=
github.com/Zyko0/go-sdl3 v0.0.0-20260125144524-02de3d449cb1/go.mod h1:mJcKev/gsLraiuXsB/EPyh4hdYnsUHyNU5CXch3cv0A=
github.com/Zyko0/purego-gen v0.0.0-20250727121216-3bcd331a1e0c h1:3z1BdpfvUbaP7oXjPabl7STN7zz88S432hZJ8M095kI=
github.com/Zyko0/purego-gen v0.0.0-20250727121216-3bcd331a1e0c/go.mod h1:xpUxPkAb7v0Ffn/NGp1XpD+tZly4dpSPI7DTAFT37es=
github.com/chrplr/goxpyriment v0.0.0-20260305211951-2706cae5031c h1:u7T+btJOtYTUn0EYt8/5+EhygTDXtrg9paLiHA6SExY=
github.com/chrplr/goxpyriment v0.0.0-20260305211951-2706cae5031c/go.mod h1:LNFvdhBbxySZfzeNAg2XSdtoD/1182KqiRi2G/kjrtk=
github.com/creack/goselect v0.1.2 h1:2DNy14+JPjRBgPzAd1thbQp4BSIihxcBf0IXhQXDRa0=
github.com/creack/goselect v0.1.2/go.mod h1:a/NhLweNvqIYMuxcMOuWY516Cimucms3DglDzQP3hKY=
github.com/davecgh/go-spew v1.1.1 h1:vj9j/u1bqnvCEfJOwUhtlOARqs3+rkHYY13jYWTU97c=
github.com/davecgh/go-spew v1.1.1/go.mod h1:J7Y8YcW2NihsgmVo/mv3lAwl/skON4iLHjSsI+c5H38=
github.com/ebitengine/purego v0.9.0-alpha.2.0.20250124174847-29f0104e3c2b h1:/KAOJuXR4cWaQIiA9xBMDSQJ1JXq5gZHdSK8prrtUqQ=
github.com/ebitengine/purego v0.9.0-alpha.2.0.20250124174847-29f0104e3c2b/go.mod h1:iIjxzd6CiRiOG0UyXP+V1+jWqUXVjPKLAI0mRfJZTmQ=
github.com/pmezard/go-difflib v1.0.0 h1:4DBwDE0NGyQoBHbLQYPwSUPoCMWR5BEzIk/f1lZbAQM=
github.com/pmezard/go-difflib v1.0.0/go.mod h1:iKH77koFhYxTK1pcRnkKkqfTogsbg7gZNVY4sRDYZ/4=
github.com/stretchr/testify v1.8.4 h1:CcVxjf3Q8PM0mHUKJCdn+eZZtm5yQwehR5yeSVQQcUk=
github.com/stretchr/testify v1.8.4/go.mod h1:sz/lmYIOXD/1dqDmKjjqLyZ2RngseejIcXlSw2iwfAo=
github.com/zergon321/reisen v0.1.9 h1:jMMR/8Bup8reC1UOwNnEXd6ZYUZeOyxQLlmgdS1gyUQ=
github.com/zergon321/reisen v0.1.9/go.mod h1:2qMVJqVTOt0DxXSm6/jN/4erba+Z+2jgjqiagDrAiOQ=
go.bug.st/serial v1.6.4 h1:7FmqNPgVp3pu2Jz5PoPtbZ9jJO5gnEnZIvnI1lzve8A=
go.bug.st/serial v1.6.4/go.mod h1:nofMJxTeNVny/m6+KaafC6vJGj3miwQZ6vW4BZUGJPI=
golang.org/x/sys v0.19.0 h1:q5f1RH2jigJ1MoAWp2KTp3gm5zAGFUTarQZ5U386+4o=
golang.org/x/sys v0.19.0/go.mod h1:/VUhepiaJMQUp4+oa/7Zr1D23ma6VTLIYjOOTFZPUcA=
gopkg.in/yaml.v3 v3.0.1 h1:fxVm/GzAzEWqLHuvctI91KS9hhNmmWOoWu0XTYJS7CA=
gopkg.in/yaml.v3 v3.0.1/go.mod h1:K4uyk7z7BCEPqu6E+C64Yfv1cQ7kz7rIZviUmN+EgEM=
